
Microsoft Visual Studio Solution File, Format Version 12.00
# Visual Studio Version 16
VisualStudioVersion = 16.0.30621.155
MinimumVisualStudioVersion = 10.0.40219.1
Project("{2150E333-8FDC-42A3-9474-1A3956D46DE8}") = "!Solution Items", "!Solution Items", "{215CBC61-7A21-4C53-864E-0BFCB7D48AE9}"
	ProjectSection(SolutionItems) = preProject
		.editorconfig = .editorconfig
	EndProjectSection
EndProject
Project("{FAE04EC0-301F-11D3-BF4B-00C04F79EFBC}") = "Proact.Mobile.UnitTest", "UnitTest\Proact.Mobile.UnitTest.csproj", "{42A86526-4881-49FC-8D34-44B5E49911BD}"
EndProject
Project("{9A19103F-16F7-4668-BE54-9A1E7A4F7556}") = "Proact.Mobile.Core", "src\Proact.Core\Proact.Mobile.Core.csproj", "{0E93A3BA-E253-43C4-A641-80C95D3A8EFF}"
EndProject
Project("{FAE04EC0-301F-11D3-BF4B-00C04F79EFBC}") = "Proact.Mobile.Droid", "src\Proact.Droid\Proact.Mobile.Droid.csproj", "{C76048AA-18CB-4CC3-AC96-17BF0E59D6FB}"
EndProject
Project("{FAE04EC0-301F-11D3-BF4B-00C04F79EFBC}") = "Proact.Mobile.iOS", "src\Proact.iOS\Proact.Mobile.iOS.csproj", "{242DBDC8-47A1-4F60-9C68-E4854EF996D3}"
EndProject
Project("{9A19103F-16F7-4668-BE54-9A1E7A4F7556}") = "Proact.Mobile.UI", "src\Proact.UI\Proact.Mobile.UI.csproj", "{BA92D282-8488-41F9-8DE8-6077B4B495BC}"
EndProject
Global
	GlobalSection(SolutionConfigurationPlatforms) = preSolution
		Debug|Any CPU = Debug|Any CPU
		Debug|ARM = Debug|ARM
		Debug|iPhone = Debug|iPhone
		Debug|iPhoneSimulator = Debug|iPhoneSimulator
		Debug|x64 = Debug|x64
		Debug|x86 = Debug|x86
		Release|Any CPU = Release|Any CPU
		Release|ARM = Release|ARM
		Release|iPhone = Release|iPhone
		Release|iPhoneSimulator = Release|iPhoneSimulator
		Release|x64 = Release|x64
		Release|x86 = Release|x86
	EndGlobalSection
	GlobalSection(ProjectConfigurationPlatforms) = postSolution
		{42A86526-4881-49FC-8D34-44B5E49911BD}.Debug|Any CPU.ActiveCfg = Debug|Any CPU
		{42A86526-4881-49FC-8D34-44B5E49911BD}.Debug|Any CPU.Build.0 = Debug|Any CPU
		{42A86526-4881-49FC-8D34-44B5E49911BD}.Debug|ARM.ActiveCfg = Debug|Any CPU
		{42A86526-4881-49FC-8D34-44B5E49911BD}.Debug|ARM.Build.0 = Debug|Any CPU
		{42A86526-4881-49FC-8D34-44B5E49911BD}.Debug|iPhone.ActiveCfg = Debug|Any CPU
		{42A86526-4881-49FC-8D34-44B5E49911BD}.Debug|iPhone.Build.0 = Debug|Any CPU
		{42A86526-4881-49FC-8D34-44B5E49911BD}.Debug|iPhoneSimulator.ActiveCfg = Debug|Any CPU
		{42A86526-4881-49FC-8D34-44B5E49911BD}.Debug|iPhoneSimulator.Build.0 = Debug|Any CPU
		{42A86526-4881-49FC-8D34-44B5E49911BD}.Debug|x64.ActiveCfg = Debug|Any CPU
		{42A86526-4881-49FC-8D34-44B5E49911BD}.Debug|x64.Build.0 = Debug|Any CPU
		{42A86526-4881-49FC-8D34-44B5E49911BD}.Debug|x86.ActiveCfg = Debug|Any CPU
		{42A86526-4881-49FC-8D34-44B5E49911BD}.Debug|x86.Build.0 = Debug|Any CPU
		{42A86526-4881-49FC-8D34-44B5E49911BD}.Release|Any CPU.ActiveCfg = Release|Any CPU
		{42A86526-4881-49FC-8D34-44B5E49911BD}.Release|Any CPU.Build.0 = Release|Any CPU
		{42A86526-4881-49FC-8D34-44B5E49911BD}.Release|ARM.ActiveCfg = Release|Any CPU
		{42A86526-4881-49FC-8D34-44B5E49911BD}.Release|ARM.Build.0 = Release|Any CPU
		{42A86526-4881-49FC-8D34-44B5E49911BD}.Release|iPhone.ActiveCfg = Release|Any CPU
		{42A86526-4881-49FC-8D34-44B5E49911BD}.Release|iPhone.Build.0 = Release|Any CPU
		{42A86526-4881-49FC-8D34-44B5E49911BD}.Release|iPhoneSimulator.ActiveCfg = Release|Any CPU
		{42A86526-4881-49FC-8D34-44B5E49911BD}.Release|iPhoneSimulator.Build.0 = Release|Any CPU
		{42A86526-4881-49FC-8D34-44B5E49911BD}.Release|x64.ActiveCfg = Release|Any CPU
		{42A86526-4881-49FC-8D34-44B5E49911BD}.Release|x64.Build.0 = Release|Any CPU
		{42A86526-4881-49FC-8D34-44B5E49911BD}.Release|x86.ActiveCfg = Release|Any CPU
		{42A86526-4881-49FC-8D34-44B5E49911BD}.Release|x86.Build.0 = Release|Any CPU
		{0E93A3BA-E253-43C4-A641-80C95D3A8EFF}.Debug|Any CPU.ActiveCfg = Debug|Any CPU
		{0E93A3BA-E253-43C4-A641-80C95D3A8EFF}.Debug|Any CPU.Build.0 = Debug|Any CPU
		{0E93A3BA-E253-43C4-A641-80C95D3A8EFF}.Debug|ARM.ActiveCfg = Debug|Any CPU
		{0E93A3BA-E253-43C4-A641-80C95D3A8EFF}.Debug|ARM.Build.0 = Debug|Any CPU
		{0E93A3BA-E253-43C4-A641-80C95D3A8EFF}.Debug|iPhone.ActiveCfg = Debug|Any CPU
		{0E93A3BA-E253-43C4-A641-80C95D3A8EFF}.Debug|iPhone.Build.0 = Debug|Any CPU
		{0E93A3BA-E253-43C4-A641-80C95D3A8EFF}.Debug|iPhoneSimulator.ActiveCfg = Debug|Any CPU
		{0E93A3BA-E253-43C4-A641-80C95D3A8EFF}.Debug|iPhoneSimulator.Build.0 = Debug|Any CPU
		{0E93A3BA-E253-43C4-A641-80C95D3A8EFF}.Debug|x64.ActiveCfg = Debug|Any CPU
		{0E93A3BA-E253-43C4-A641-80C95D3A8EFF}.Debug|x64.Build.0 = Debug|Any CPU
		{0E93A3BA-E253-43C4-A641-80C95D3A8EFF}.Debug|x86.ActiveCfg = Debug|Any CPU
		{0E93A3BA-E253-43C4-A641-80C95D3A8EFF}.Debug|x86.Build.0 = Debug|Any CPU
		{0E93A3BA-E253-43C4-A641-80C95D3A8EFF}.Release|Any CPU.ActiveCfg = Release|Any CPU
		{0E93A3BA-E253-43C4-A641-80C95D3A8EFF}.Release|Any CPU.Build.0 = Release|Any CPU
		{0E93A3BA-E253-43C4-A641-80C95D3A8EFF}.Release|ARM.ActiveCfg = Release|Any CPU
		{0E93A3BA-E253-43C4-A641-80C95D3A8EFF}.Release|ARM.Build.0 = Release|Any CPU
		{0E93A3BA-E253-43C4-A641-80C95D3A8EFF}.Release|iPhone.ActiveCfg = Release|Any CPU
		{0E93A3BA-E253-43C4-A641-80C95D3A8EFF}.Release|iPhone.Build.0 = Release|Any CPU
		{0E93A3BA-E253-43C4-A641-80C95D3A8EFF}.Release|iPhoneSimulator.ActiveCfg = Release|Any CPU
		{0E93A3BA-E253-43C4-A641-80C95D3A8EFF}.Release|iPhoneSimulator.Build.0 = Release|Any CPU
		{0E93A3BA-E253-43C4-A641-80C95D3A8EFF}.Release|x64.ActiveCfg = Release|Any CPU
		{0E93A3BA-E253-43C4-A641-80C95D3A8EFF}.Release|x64.Build.0 = Release|Any CPU
		{0E93A3BA-E253-43C4-A641-80C95D3A8EFF}.Release|x86.ActiveCfg = Release|Any CPU
		{0E93A3BA-E253-43C4-A641-80C95D3A8EFF}.Release|x86.Build.0 = Release|Any CPU
		{C76048AA-18CB-4CC3-AC96-17BF0E59D6FB}.Debug|Any CPU.ActiveCfg = Debug|Any CPU
		{C76048AA-18CB-4CC3-AC96-17BF0E59D6FB}.Debug|Any CPU.Build.0 = Debug|Any CPU
		{C76048AA-18CB-4CC3-AC96-17BF0E59D6FB}.Debug|Any CPU.Deploy.0 = Debug|Any CPU
		{C76048AA-18CB-4CC3-AC96-17BF0E59D6FB}.Debug|ARM.ActiveCfg = Debug|Any CPU
		{C76048AA-18CB-4CC3-AC96-17BF0E59D6FB}.Debug|ARM.Build.0 = Debug|Any CPU
		{C76048AA-18CB-4CC3-AC96-17BF0E59D6FB}.Debug|ARM.Deploy.0 = Debug|Any CPU
		{C76048AA-18CB-4CC3-AC96-17BF0E59D6FB}.Debug|iPhone.ActiveCfg = Debug|Any CPU
		{C76048AA-18CB-4CC3-AC96-17BF0E59D6FB}.Debug|iPhone.Build.0 = Debug|Any CPU
		{C76048AA-18CB-4CC3-AC96-17BF0E59D6FB}.Debug|iPhone.Deploy.0 = Debug|Any CPU
		{C76048AA-18CB-4CC3-AC96-17BF0E59D6FB}.Debug|iPhoneSimulator.ActiveCfg = Debug|Any CPU
		{C76048AA-18CB-4CC3-AC96-17BF0E59D6FB}.Debug|iPhoneSimulator.Build.0 = Debug|Any CPU
		{C76048AA-18CB-4CC3-AC96-17BF0E59D6FB}.Debug|iPhoneSimulator.Deploy.0 = Debug|Any CPU
		{C76048AA-18CB-4CC3-AC96-17BF0E59D6FB}.Debug|x64.ActiveCfg = Debug|Any CPU
		{C76048AA-18CB-4CC3-AC96-17BF0E59D6FB}.Debug|x64.Build.0 = Debug|Any CPU
		{C76048AA-18CB-4CC3-AC96-17BF0E59D6FB}.Debug|x64.Deploy.0 = Debug|Any CPU
		{C76048AA-18CB-4CC3-AC96-17BF0E59D6FB}.Debug|x86.ActiveCfg = Debug|Any CPU
		{C76048AA-18CB-4CC3-AC96-17BF0E59D6FB}.Debug|x86.Build.0 = Debug|Any CPU
		{C76048AA-18CB-4CC3-AC96-17BF0E59D6FB}.Debug|x86.Deploy.0 = Debug|Any CPU
		{C76048AA-18CB-4CC3-AC96-17BF0E59D6FB}.Release|Any CPU.ActiveCfg = Release|Any CPU
		{C76048AA-18CB-4CC3-AC96-17BF0E59D6FB}.Release|Any CPU.Build.0 = Release|Any CPU
		{C76048AA-18CB-4CC3-AC96-17BF0E59D6FB}.Release|Any CPU.Deploy.0 = Release|Any CPU
		{C76048AA-18CB-4CC3-AC96-17BF0E59D6FB}.Release|ARM.ActiveCfg = Release|Any CPU
		{C76048AA-18CB-4CC3-AC96-17BF0E59D6FB}.Release|ARM.Build.0 = Release|Any CPU
		{C76048AA-18CB-4CC3-AC96-17BF0E59D6FB}.Release|ARM.Deploy.0 = Release|Any CPU
		{C76048AA-18CB-4CC3-AC96-17BF0E59D6FB}.Release|iPhone.ActiveCfg = Release|Any CPU
		{C76048AA-18CB-4CC3-AC96-17BF0E59D6FB}.Release|iPhone.Build.0 = Release|Any CPU
		{C76048AA-18CB-4CC3-AC96-17BF0E59D6FB}.Release|iPhone.Deploy.0 = Release|Any CPU
		{C76048AA-18CB-4CC3-AC96-17BF0E59D6FB}.Release|iPhoneSimulator.ActiveCfg = Release|Any CPU
		{C76048AA-18CB-4CC3-AC96-17BF0E59D6FB}.Release|iPhoneSimulator.Build.0 = Release|Any CPU
		{C76048AA-18CB-4CC3-AC96-17BF0E59D6FB}.Release|iPhoneSimulator.Deploy.0 = Release|Any CPU
		{C76048AA-18CB-4CC3-AC96-17BF0E59D6FB}.Release|x64.ActiveCfg = Release|Any CPU
		{C76048AA-18CB-4CC3-AC96-17BF0E59D6FB}.Release|x64.Build.0 = Release|Any CPU
		{C76048AA-18CB-4CC3-AC96-17BF0E59D6FB}.Release|x64.Deploy.0 = Release|Any CPU
		{C76048AA-18CB-4CC3-AC96-17BF0E59D6FB}.Release|x86.ActiveCfg = Release|Any CPU
		{C76048AA-18CB-4CC3-AC96-17BF0E59D6FB}.Release|x86.Build.0 = Release|Any CPU
		{C76048AA-18CB-4CC3-AC96-17BF0E59D6FB}.Release|x86.Deploy.0 = Release|Any CPU
		{242DBDC8-47A1-4F60-9C68-E4854EF996D3}.Debug|Any CPU.ActiveCfg = Debug|iPhoneSimulator
		{242DBDC8-47A1-4F60-9C68-E4854EF996D3}.Debug|ARM.ActiveCfg = Debug|iPhoneSimulator
		{242DBDC8-47A1-4F60-9C68-E4854EF996D3}.Debug|iPhone.ActiveCfg = Debug|iPhone
		{242DBDC8-47A1-4F60-9C68-E4854EF996D3}.Debug|iPhone.Build.0 = Debug|iPhone
		{242DBDC8-47A1-4F60-9C68-E4854EF996D3}.Debug|iPhoneSimulator.ActiveCfg = Debug|iPhoneSimulator
		{242DBDC8-47A1-4F60-9C68-E4854EF996D3}.Debug|iPhoneSimulator.Build.0 = Debug|iPhoneSimulator
		{242DBDC8-47A1-4F60-9C68-E4854EF996D3}.Debug|x64.ActiveCfg = Debug|iPhoneSimulator
		{242DBDC8-47A1-4F60-9C68-E4854EF996D3}.Debug|x86.ActiveCfg = Debug|iPhoneSimulator
		{242DBDC8-47A1-4F60-9C68-E4854EF996D3}.Release|Any CPU.ActiveCfg = Release|iPhoneSimulator
		{242DBDC8-47A1-4F60-9C68-E4854EF996D3}.Release|ARM.ActiveCfg = Release|iPhoneSimulator
		{242DBDC8-47A1-4F60-9C68-E4854EF996D3}.Release|iPhone.ActiveCfg = Release|iPhone
		{242DBDC8-47A1-4F60-9C68-E4854EF996D3}.Release|iPhone.Build.0 = Release|iPhone
		{242DBDC8-47A1-4F60-9C68-E4854EF996D3}.Release|iPhoneSimulator.ActiveCfg = Release|iPhoneSimulator
		{242DBDC8-47A1-4F60-9C68-E4854EF996D3}.Release|iPhoneSimulator.Build.0 = Release|iPhoneSimulator
		{242DBDC8-47A1-4F60-9C68-E4854EF996D3}.Release|x64.ActiveCfg = Release|iPhoneSimulator
		{242DBDC8-47A1-4F60-9C68-E4854EF996D3}.Release|x86.ActiveCfg = Release|iPhoneSimulator
		{BA92D282-8488-41F9-8DE8-6077B4B495BC}.Debug|Any CPU.ActiveCfg = Debug|Any CPU
		{BA92D282-8488-41F9-8DE8-6077B4B495BC}.Debug|Any CPU.Build.0 = Debug|Any CPU
		{BA92D282-8488-41F9-8DE8-6077B4B495BC}.Debug|ARM.ActiveCfg = Debug|Any CPU
		{BA92D282-8488-41F9-8DE8-6077B4B495BC}.Debug|ARM.Build.0 = Debug|Any CPU
		{BA92D282-8488-41F9-8DE8-6077B4B495BC}.Debug|iPhone.ActiveCfg = Debug|Any CPU
		{BA92D282-8488-41F9-8DE8-6077B4B495BC}.Debug|iPhone.Build.0 = Debug|Any CPU
		{BA92D282-8488-41F9-8DE8-6077B4B495BC}.Debug|iPhoneSimulator.ActiveCfg = Debug|Any CPU
		{BA92D282-8488-41F9-8DE8-6077B4B495BC}.Debug|iPhoneSimulator.Build.0 = Debug|Any CPU
		{BA92D282-8488-41F9-8DE8-6077B4B495BC}.Debug|x64.ActiveCfg = Debug|Any CPU
		{BA92D282-8488-41F9-8DE8-6077B4B495BC}.Debug|x64.Build.0 = Debug|Any CPU
		{BA92D282-8488-41F9-8DE8-6077B4B495BC}.Debug|x86.ActiveCfg = Debug|Any CPU
		{BA92D282-8488-41F9-8DE8-6077B4B495BC}.Debug|x86.Build.0 = Debug|Any CPU
		{BA92D282-8488-41F9-8DE8-6077B4B495BC}.Release|Any CPU.ActiveCfg = Release|Any CPU
		{BA92D282-8488-41F9-8DE8-6077B4B495BC}.Release|Any CPU.Build.0 = Release|Any CPU
		{BA92D282-8488-41F9-8DE8-6077B4B495BC}.Release|ARM.ActiveCfg = Release|Any CPU
		{BA92D282-8488-41F9-8DE8-6077B4B495BC}.Release|ARM.Build.0 = Release|Any CPU
		{BA92D282-8488-41F9-8DE8-6077B4B495BC}.Release|iPhone.ActiveCfg = Release|Any CPU
		{BA92D282-8488-41F9-8DE8-6077B4B495BC}.Release|iPhone.Build.0 = Release|Any CPU
		{BA92D282-8488-41F9-8DE8-6077B4B495BC}.Release|iPhoneSimulator.ActiveCfg = Release|Any CPU
		{BA92D282-8488-41F9-8DE8-6077B4B495BC}.Release|iPhoneSimulator.Build.0 = Release|Any CPU
		{BA92D282-8488-41F9-8DE8-6077B4B495BC}.Release|x64.ActiveCfg = Release|Any CPU
		{BA92D282-8488-41F9-8DE8-6077B4B495BC}.Release|x64.Build.0 = Release|Any CPU
		{BA92D282-8488-41F9-8DE8-6077B4B495BC}.Release|x86.ActiveCfg = Release|Any CPU
		{BA92D282-8488-41F9-8DE8-6077B4B495BC}.Release|x86.Build.0 = Release|Any CPU
	EndGlobalSection
	GlobalSection(SolutionProperties) = preSolution
		HideSolutionNode = FALSE
	EndGlobalSection
	GlobalSection(ExtensibilityGlobals) = postSolution
		SolutionGuid = {6178E0BA-F79A-4208-9EEA-AB1FAE97F913}
	EndGlobalSection
	GlobalSection(MonoDevelopProperties) = preSolution
		Policies = $0
		$0.DotNetNamingPolicy = $1
		$0.TextStylePolicy = $12
		$12.FileWidth = 80
		$12.TabsToSpaces = True
		$12.scope = text/x-csharp
		$0.CSharpFormattingPolicy = $13
		$13.NewLinesForBracesInTypes = False
		$13.NewLinesForBracesInMethods = False
		$13.NewLinesForBracesInProperties = False
		$13.NewLinesForBracesInAccessors = False
		$13.NewLinesForBracesInAnonymousMethods = False
		$13.NewLinesForBracesInControlBlocks = False
		$13.NewLinesForBracesInAnonymousTypes = False
		$13.NewLinesForBracesInObjectCollectionArrayInitializers = False
		$13.NewLinesForBracesInLambdaExpressionBody = False
		$13.SpaceWithinMethodDeclarationParenthesis = True
		$13.SpaceWithinMethodCallParentheses = True
		$13.SpaceWithinExpressionParentheses = True
		$13.SpaceWithinCastParentheses = True
		$13.SpaceWithinOtherParentheses = True
		$13.scope = text/x-csharp
	EndGlobalSection
EndGlobal
